// !$*UTF8*$!
{
	archiveVersion = 1;
	classes = {
	};
	objectVersion = 46;
	objects = {

/* Begin PBXBuildFile section */
		6D941F77167ACF7300AC5BAC /* Hit_Hurt10.wav in Resources */ = {isa = PBXBuildFile; fileRef = 6D941F76167ACF7300AC5BAC /* Hit_Hurt10.wav */; };
		6D941F79167ACF9000AC5BAC /* Powerup.wav in Resources */ = {isa = PBXBuildFile; fileRef = 6D941F78167ACF9000AC5BAC /* Powerup.wav */; };
		6D941F7C167ACFFA00AC5BAC /* AudioController.m in Sources */ = {isa = PBXBuildFile; fileRef = 6D941F7B167ACFFA00AC5BAC /* AudioController.m */; };
		6D941F80167C22C700AC5BAC /* AudioToolbox.framework in Frameworks */ = {isa = PBXBuildFile; fileRef = 6D941F7F167C22C700AC5BAC /* AudioToolbox.framework */; };
		6D941F81167C263900AC5BAC /* AVFoundation.framework in Frameworks */ = {isa = PBXBuildFile; fileRef = 6D941F7D167AD03A00AC5BAC /* AVFoundation.framework */; };
		6DACD4DC165E8D7700C06503 /* UIKit.framework in Frameworks */ = {isa = PBXBuildFile; fileRef = 6DACD4DB165E8D7700C06503 /* UIKit.framework */; };
		6DACD4DE165E8D7700C06503 /* Foundation.framework in Frameworks */ = {isa = PBXBuildFile; fileRef = 6DACD4DD165E8D7700C06503 /* Foundation.framework */; };
		6DACD4E0165E8D7700C06503 /* CoreGraphics.framework in Frameworks */ = {isa = PBXBuildFile; fileRef = 6DACD4DF165E8D7700C06503 /* CoreGraphics.framework */; };
		6DACD4E6165E8D7700C06503 /* InfoPlist.strings in Resources */ = {isa = PBXBuildFile; fileRef = 6DACD4E4165E8D7700C06503 /* InfoPlist.strings */; };
		6DACD4E8165E8D7700C06503 /* main.m in Sources */ = {isa = PBXBuildFile; fileRef = 6DACD4E7165E8D7700C06503 /* main.m */; };
		6DACD4EC165E8D7700C06503 /* AppDelegate.m in Sources */ = {isa = PBXBuildFile; fileRef = 6DACD4EB165E8D7700C06503 /* AppDelegate.m */; };
		6DACD4EE165E8D7700C06503 /* Default.png in Resources */ = {isa = PBXBuildFile; fileRef = 6DACD4ED165E8D7700C06503 /* Default.png */; };
		6DACD4F0165E8D7700C06503 /* Default@2x.png in Resources */ = {isa = PBXBuildFile; fileRef = 6DACD4EF165E8D7700C06503 /* Default@2x.png */; };
		6DACD4F2165E8D7700C06503 /* Default-568h@2x.png in Resources */ = {isa = PBXBuildFile; fileRef = 6DACD4F1165E8D7700C06503 /* Default-568h@2x.png */; };
		6DACD4FA165E8D7700C06503 /* SenTestingKit.framework in Frameworks */ = {isa = PBXBuildFile; fileRef = 6DACD4F9165E8D7700C06503 /* SenTestingKit.framework */; };
		6DACD4FB165E8D7700C06503 /* UIKit.framework in Frameworks */ = {isa = PBXBuildFile; fileRef = 6DACD4DB165E8D7700C06503 /* UIKit.framework */; };
		6DACD4FC165E8D7700C06503 /* Foundation.framework in Frameworks */ = {isa = PBXBuildFile; fileRef = 6DACD4DD165E8D7700C06503 /* Foundation.framework */; };
		6DACD504165E8D7800C06503 /* InfoPlist.strings in Resources */ = {isa = PBXBuildFile; fileRef = 6DACD502165E8D7800C06503 /* InfoPlist.strings */; };
		6DACD507165E8D7800C06503 /* BunnyMatcherTests.m in Sources */ = {isa = PBXBuildFile; fileRef = 6DACD506165E8D7800C06503 /* BunnyMatcherTests.m */; };
		6DACD518165E8E8500C06503 /* MainStoryboard_iPad.storyboard in Resources */ = {isa = PBXBuildFile; fileRef = 6DACD516165E8E8500C06503 /* MainStoryboard_iPad.storyboard */; };
		6DACD51C165E92B500C06503 /* BoardViewController.m in Sources */ = {isa = PBXBuildFile; fileRef = 6DACD51B165E92B500C06503 /* BoardViewController.m */; };
		6DACD520165E97F300C06503 /* StandardCollectionCell.m in Sources */ = {isa = PBXBuildFile; fileRef = 6DACD51F165E97F300C06503 /* StandardCollectionCell.m */; };
		6DACD524165E9A0700C06503 /* Topic.m in Sources */ = {isa = PBXBuildFile; fileRef = 6DACD523165E9A0700C06503 /* Topic.m */; };
		6DACD527165E9A3F00C06503 /* TopicItem.m in Sources */ = {isa = PBXBuildFile; fileRef = 6DACD526165E9A3F00C06503 /* TopicItem.m */; };
		6DACD52A165E9A5800C06503 /* Library.m in Sources */ = {isa = PBXBuildFile; fileRef = 6DACD529165E9A5800C06503 /* Library.m */; };
		6DACD52D165E9D1000C06503 /* Scrambler.m in Sources */ = {isa = PBXBuildFile; fileRef = 6DACD52C165E9D1000C06503 /* Scrambler.m */; };
		6DACD530165EA1CF00C06503 /* TopicCollection.m in Sources */ = {isa = PBXBuildFile; fileRef = 6DACD52F165EA1CF00C06503 /* TopicCollection.m */; };
		6DACD534165EA61B00C06503 /* NSMutableArray+Shuffling.m in Sources */ = {isa = PBXBuildFile; fileRef = 6DACD533165EA61B00C06503 /* NSMutableArray+Shuffling.m */; };
		6DACD537165ED1EE00C06503 /* ScramblerTests.m in Sources */ = {isa = PBXBuildFile; fileRef = 6DACD536165ED1EE00C06503 /* ScramblerTests.m */; };
		6DACD53A165EE91000C06503 /* Round.m in Sources */ = {isa = PBXBuildFile; fileRef = 6DACD539165EE91000C06503 /* Round.m */; };
		6DACD53D165EF0A200C06503 /* HeroView.m in Sources */ = {isa = PBXBuildFile; fileRef = 6DACD53C165EF0A200C06503 /* HeroView.m */; };
		6DACD53F1660283900C06503 /* QuartzCore.framework in Frameworks */ = {isa = PBXBuildFile; fileRef = 6DACD53E1660283900C06503 /* QuartzCore.framework */; };
		6DACD54216602AE300C06503 /* BoardSpot.m in Sources */ = {isa = PBXBuildFile; fileRef = 6DACD54116602AE300C06503 /* BoardSpot.m */; };
		6DACD54516603FCF00C06503 /* TitleViewController.m in Sources */ = {isa = PBXBuildFile; fileRef = 6DACD54416603FCF00C06503 /* TitleViewController.m */; };
		6DACD54816604B6D00C06503 /* EnemyView.m in Sources */ = {isa = PBXBuildFile; fileRef = 6DACD54716604B6D00C06503 /* EnemyView.m */; };
		6DACD54E1669AEAB00C06503 /* ActorMovement.m in Sources */ = {isa = PBXBuildFile; fileRef = 6DACD54D1669AEAB00C06503 /* ActorMovement.m */; };
		6DACD551166AF52500C06503 /* LivesView.m in Sources */ = {isa = PBXBuildFile; fileRef = 6DACD550166AF52500C06503 /* LivesView.m */; };
		6DACD557166B0C9100C06503 /* kit_from_firefox.png in Resources */ = {isa = PBXBuildFile; fileRef = 6DACD556166B0C9100C06503 /* kit_from_firefox.png */; };
		6DACD559166B106000C06503 /* tux_from_linux.png in Resources */ = {isa = PBXBuildFile; fileRef = 6DACD558166B106000C06503 /* tux_from_linux.png */; };
		6DACD55C166B108200C06503 /* CharacterView.m in Sources */ = {isa = PBXBuildFile; fileRef = 6DACD55B166B108200C06503 /* CharacterView.m */; };
		6DACD55F1673F5D700C06503 /* Hero.m in Sources */ = {isa = PBXBuildFile; fileRef = 6DACD55E1673F5D700C06503 /* Hero.m */; };
		6DACD5621673F79A00C06503 /* HeroViewController.m in Sources */ = {isa = PBXBuildFile; fileRef = 6DACD5611673F79A00C06503 /* HeroViewController.m */; };
		6DACD565167444F800C06503 /* EnemyViewController.m in Sources */ = {isa = PBXBuildFile; fileRef = 6DACD564167444F800C06503 /* EnemyViewController.m */; };
		6DACD5681674504200C06503 /* UIImage+Sprite.m in Sources */ = {isa = PBXBuildFile; fileRef = 6DACD5671674504200C06503 /* UIImage+Sprite.m */; };
		6DE534F91676D0F8004F270E /* topics.txt in Resources */ = {isa = PBXBuildFile; fileRef = 6DE534F81676D0F8004F270E /* topics.txt */; };
		6DE534FD16781D4B004F270E /* Game.m in Sources */ = {isa = PBXBuildFile; fileRef = 6DE534FC16781D4B004F270E /* Game.m */; };
		6DE5350016782D58004F270E /* MainStoryboard_iPhone.storyboard in Resources */ = {isa = PBXBuildFile; fileRef = 6DE534FE16782D58004F270E /* MainStoryboard_iPhone.storyboard */; };
/* End PBXBuildFile section */

/* Begin PBXContainerItemProxy section */
		6DACD4FD165E8D7700C06503 /* PBXContainerItemProxy */ = {
			isa = PBXContainerItemProxy;
			containerPortal = 6DACD4CE165E8D7700C06503 /* Project object */;
			proxyType = 1;
			remoteGlobalIDString = 6DACD4D6165E8D7700C06503;
			remoteInfo = BunnyMatcher;
		};
/* End PBXContainerItemProxy section */

/* Begin PBXFileReference section */
		6D941F76167ACF7300AC5BAC /* Hit_Hurt10.wav */ = {isa = PBXFileReference; lastKnownFileType = audio.wav; name = Hit_Hurt10.wav; path = Assets/Hit_Hurt10.wav; sourceTree = "<group>"; };
		6D941F78167ACF9000AC5BAC /* Powerup.wav */ = {isa = PBXFileReference; lastKnownFileType = audio.wav; name = Powerup.wav; path = Assets/Powerup.wav; sourceTree = "<group>"; };
		6D941F7A167ACFFA00AC5BAC /* AudioController.h */ = {isa = PBXFileReference; fileEncoding = 4; lastKnownFileType = sourcecode.c.h; name = AudioController.h; path = Controllers/AudioController.h; sourceTree = "<group>"; };
		6D941F7B167ACFFA00AC5BAC /* AudioController.m */ = {isa = PBXFileReference; fileEncoding = 4; lastKnownFileType = sourcecode.c.objc; name = AudioController.m; path = Controllers/AudioController.m; sourceTree = "<group>"; };
		6D941F7D167AD03A00AC5BAC /* AVFoundation.framework */ = {isa = PBXFileReference; lastKnownFileType = wrapper.framework; name = AVFoundation.framework; path = System/Library/Frameworks/AVFoundation.framework; sourceTree = SDKROOT; };
		6D941F7F167C22C700AC5BAC /* AudioToolbox.framework */ = {isa = PBXFileReference; lastKnownFileType = wrapper.framework; name = AudioToolbox.framework; path = System/Library/Frameworks/AudioToolbox.framework; sourceTree = SDKROOT; };
		6DACD4D7165E8D7700C06503 /* BunnyMatcher.app */ = {isa = PBXFileReference; explicitFileType = wrapper.application; includeInIndex = 0; path = BunnyMatcher.app; sourceTree = BUILT_PRODUCTS_DIR; };
		6DACD4DB165E8D7700C06503 /* UIKit.framework */ = {isa = PBXFileReference; lastKnownFileType = wrapper.framework; name = UIKit.framework; path = System/Library/Frameworks/UIKit.framework; sourceTree = SDKROOT; };
		6DACD4DD165E8D7700C06503 /* Foundation.framework */ = {isa = PBXFileReference; lastKnownFileType = wrapper.framework; name = Foundation.framework; path = System/Library/Frameworks/Foundation.framework; sourceTree = SDKROOT; };
		6DACD4DF165E8D7700C06503 /* CoreGraphics.framework */ = {isa = PBXFileReference; lastKnownFileType = wrapper.framework; name = CoreGraphics.framework; path = System/Library/Frameworks/CoreGraphics.framework; sourceTree = SDKROOT; };
		6DACD4E3165E8D7700C06503 /* BunnyMatcher-Info.plist */ = {isa = PBXFileReference; lastKnownFileType = text.plist.xml; path = "BunnyMatcher-Info.plist"; sourceTree = "<group>"; };
		6DACD4E5165E8D7700C06503 /* en */ = {isa = PBXFileReference; lastKnownFileType = text.plist.strings; name = en; path = en.lproj/InfoPlist.strings; sourceTree = "<group>"; };
		6DACD4E7165E8D7700C06503 /* main.m */ = {isa = PBXFileReference; lastKnownFileType = sourcecode.c.objc; path = main.m; sourceTree = "<group>"; };
		6DACD4E9165E8D7700C06503 /* BunnyMatcher-Prefix.pch */ = {isa = PBXFileReference; lastKnownFileType = sourcecode.c.h; path = "BunnyMatcher-Prefix.pch"; sourceTree = "<group>"; };
		6DACD4EA165E8D7700C06503 /* AppDelegate.h */ = {isa = PBXFileReference; lastKnownFileType = sourcecode.c.h; path = AppDelegate.h; sourceTree = "<group>"; };
		6DACD4EB165E8D7700C06503 /* AppDelegate.m */ = {isa = PBXFileReference; lastKnownFileType = sourcecode.c.objc; path = AppDelegate.m; sourceTree = "<group>"; };
		6DACD4ED165E8D7700C06503 /* Default.png */ = {isa = PBXFileReference; lastKnownFileType = image.png; path = Default.png; sourceTree = "<group>"; };
		6DACD4EF165E8D7700C06503 /* Default@2x.png */ = {isa = PBXFileReference; lastKnownFileType = image.png; path = "Default@2x.png"; sourceTree = "<group>"; };
		6DACD4F1165E8D7700C06503 /* Default-568h@2x.png */ = {isa = PBXFileReference; lastKnownFileType = image.png; path = "Default-568h@2x.png"; sourceTree = "<group>"; };
		6DACD4F8165E8D7700C06503 /* BunnyMatcherTests.octest */ = {isa = PBXFileReference; explicitFileType = wrapper.cfbundle; includeInIndex = 0; path = BunnyMatcherTests.octest; sourceTree = BUILT_PRODUCTS_DIR; };
		6DACD4F9165E8D7700C06503 /* SenTestingKit.framework */ = {isa = PBXFileReference; lastKnownFileType = wrapper.framework; name = SenTestingKit.framework; path = Library/Frameworks/SenTestingKit.framework; sourceTree = DEVELOPER_DIR; };
		6DACD501165E8D7800C06503 /* BunnyMatcherTests-Info.plist */ = {isa = PBXFileReference; lastKnownFileType = text.plist.xml; path = "BunnyMatcherTests-Info.plist"; sourceTree = "<group>"; };
		6DACD503165E8D7800C06503 /* en */ = {isa = PBXFileReference; lastKnownFileType = text.plist.strings; name = en; path = en.lproj/InfoPlist.strings; sourceTree = "<group>"; };
		6DACD505165E8D7800C06503 /* BunnyMatcherTests.h */ = {isa = PBXFileReference; lastKnownFileType = sourcecode.c.h; path = BunnyMatcherTests.h; sourceTree = "<group>"; };
		6DACD506165E8D7800C06503 /* BunnyMatcherTests.m */ = {isa = PBXFileReference; lastKnownFileType = sourcecode.c.objc; path = BunnyMatcherTests.m; sourceTree = "<group>"; };
		6DACD517165E8E8500C06503 /* en */ = {isa = PBXFileReference; lastKnownFileType = file.storyboard; name = en; path = en.lproj/MainStoryboard_iPad.storyboard; sourceTree = "<group>"; };
		6DACD51A165E92B500C06503 /* BoardViewController.h */ = {isa = PBXFileReference; fileEncoding = 4; lastKnownFileType = sourcecode.c.h; name = BoardViewController.h; path = Controllers/BoardViewController.h; sourceTree = "<group>"; };
		6DACD51B165E92B500C06503 /* BoardViewController.m */ = {isa = PBXFileReference; fileEncoding = 4; lastKnownFileType = sourcecode.c.objc; name = BoardViewController.m; path = Controllers/BoardViewController.m; sourceTree = "<group>"; };
		6DACD51E165E97F300C06503 /* StandardCollectionCell.h */ = {isa = PBXFileReference; fileEncoding = 4; lastKnownFileType = sourcecode.c.h; name = StandardCollectionCell.h; path = Views/StandardCollectionCell.h; sourceTree = "<group>"; };
		6DACD51F165E97F300C06503 /* StandardCollectionCell.m */ = {isa = PBXFileReference; fileEncoding = 4; lastKnownFileType = sourcecode.c.objc; name = StandardCollectionCell.m; path = Views/StandardCollectionCell.m; sourceTree = "<group>"; };
		6DACD522165E9A0700C06503 /* Topic.h */ = {isa = PBXFileReference; fileEncoding = 4; lastKnownFileType = sourcecode.c.h; name = Topic.h; path = Models/Topic.h; sourceTree = "<group>"; };
		6DACD523165E9A0700C06503 /* Topic.m */ = {isa = PBXFileReference; fileEncoding = 4; lastKnownFileType = sourcecode.c.objc; name = Topic.m; path = Models/Topic.m; sourceTree = "<group>"; };
		6DACD525165E9A3F00C06503 /* TopicItem.h */ = {isa = PBXFileReference; fileEncoding = 4; lastKnownFileType = sourcecode.c.h; name = TopicItem.h; path = Models/TopicItem.h; sourceTree = "<group>"; };
		6DACD526165E9A3F00C06503 /* TopicItem.m */ = {isa = PBXFileReference; fileEncoding = 4; lastKnownFileType = sourcecode.c.objc; name = TopicItem.m; path = Models/TopicItem.m; sourceTree = "<group>"; };
		6DACD528165E9A5800C06503 /* Library.h */ = {isa = PBXFileReference; fileEncoding = 4; lastKnownFileType = sourcecode.c.h; name = Library.h; path = Models/Library.h; sourceTree = "<group>"; };
		6DACD529165E9A5800C06503 /* Library.m */ = {isa = PBXFileReference; fileEncoding = 4; lastKnownFileType = sourcecode.c.objc; name = Library.m; path = Models/Library.m; sourceTree = "<group>"; };
		6DACD52B165E9D1000C06503 /* Scrambler.h */ = {isa = PBXFileReference; fileEncoding = 4; lastKnownFileType = sourcecode.c.h; name = Scrambler.h; path = Models/Scrambler.h; sourceTree = "<group>"; };
		6DACD52C165E9D1000C06503 /* Scrambler.m */ = {isa = PBXFileReference; fileEncoding = 4; lastKnownFileType = sourcecode.c.objc; name = Scrambler.m; path = Models/Scrambler.m; sourceTree = "<group>"; };
		6DACD52E165EA1CF00C06503 /* TopicCollection.h */ = {isa = PBXFileReference; fileEncoding = 4; lastKnownFileType = sourcecode.c.h; name = TopicCollection.h; path = Models/TopicCollection.h; sourceTree = "<group>"; };
		6DACD52F165EA1CF00C06503 /* TopicCollection.m */ = {isa = PBXFileReference; fileEncoding = 4; lastKnownFileType = sourcecode.c.objc; name = TopicCollection.m; path = Models/TopicCollection.m; sourceTree = "<group>"; };
		6DACD532165EA61B00C06503 /* NSMutableArray+Shuffling.h */ = {isa = PBXFileReference; fileEncoding = 4; lastKnownFileType = sourcecode.c.h; name = "NSMutableArray+Shuffling.h"; path = "Categories/NSMutableArray+Shuffling.h"; sourceTree = "<group>"; };
		6DACD533165EA61B00C06503 /* NSMutableArray+Shuffling.m */ = {isa = PBXFileReference; fileEncoding = 4; lastKnownFileType = sourcecode.c.objc; name = "NSMutableArray+Shuffling.m"; path = "Categories/NSMutableArray+Shuffling.m"; sourceTree = "<group>"; };
		6DACD535165ED1EE00C06503 /* ScramblerTests.h */ = {isa = PBXFileReference; fileEncoding = 4; lastKnownFileType = sourcecode.c.h; path = ScramblerTests.h; sourceTree = "<group>"; };
		6DACD536165ED1EE00C06503 /* ScramblerTests.m */ = {isa = PBXFileReference; fileEncoding = 4; lastKnownFileType = sourcecode.c.objc; path = ScramblerTests.m; sourceTree = "<group>"; };
		6DACD538165EE91000C06503 /* Round.h */ = {isa = PBXFileReference; fileEncoding = 4; lastKnownFileType = sourcecode.c.h; name = Round.h; path = Models/Round.h; sourceTree = "<group>"; };
		6DACD539165EE91000C06503 /* Round.m */ = {isa = PBXFileReference; fileEncoding = 4; lastKnownFileType = sourcecode.c.objc; name = Round.m; path = Models/Round.m; sourceTree = "<group>"; };
		6DACD53B165EF0A200C06503 /* HeroView.h */ = {isa = PBXFileReference; fileEncoding = 4; lastKnownFileType = sourcecode.c.h; name = HeroView.h; path = Views/HeroView.h; sourceTree = "<group>"; };
		6DACD53C165EF0A200C06503 /* HeroView.m */ = {isa = PBXFileReference; fileEncoding = 4; lastKnownFileType = sourcecode.c.objc; name = HeroView.m; path = Views/HeroView.m; sourceTree = "<group>"; };
		6DACD53E1660283900C06503 /* QuartzCore.framework */ = {isa = PBXFileReference; lastKnownFileType = wrapper.framework; name = QuartzCore.framework; path = System/Library/Frameworks/QuartzCore.framework; sourceTree = SDKROOT; };
		6DACD54016602AE300C06503 /* BoardSpot.h */ = {isa = PBXFileReference; fileEncoding = 4; lastKnownFileType = sourcecode.c.h; name = BoardSpot.h; path = Models/BoardSpot.h; sourceTree = "<group>"; };
		6DACD54116602AE300C06503 /* BoardSpot.m */ = {isa = PBXFileReference; fileEncoding = 4; lastKnownFileType = sourcecode.c.objc; name = BoardSpot.m; path = Models/BoardSpot.m; sourceTree = "<group>"; };
		6DACD54316603FCF00C06503 /* TitleViewController.h */ = {isa = PBXFileReference; fileEncoding = 4; lastKnownFileType = sourcecode.c.h; name = TitleViewController.h; path = Controllers/TitleViewController.h; sourceTree = "<group>"; };
		6DACD54416603FCF00C06503 /* TitleViewController.m */ = {isa = PBXFileReference; fileEncoding = 4; lastKnownFileType = sourcecode.c.objc; name = TitleViewController.m; path = Controllers/TitleViewController.m; sourceTree = "<group>"; };
		6DACD54616604B6D00C06503 /* EnemyView.h */ = {isa = PBXFileReference; fileEncoding = 4; lastKnownFileType = sourcecode.c.h; name = EnemyView.h; path = Views/EnemyView.h; sourceTree = "<group>"; };
		6DACD54716604B6D00C06503 /* EnemyView.m */ = {isa = PBXFileReference; fileEncoding = 4; lastKnownFileType = sourcecode.c.objc; name = EnemyView.m; path = Views/EnemyView.m; sourceTree = "<group>"; };
		6DACD54C1669AEAB00C06503 /* ActorMovement.h */ = {isa = PBXFileReference; fileEncoding = 4; lastKnownFileType = sourcecode.c.h; name = ActorMovement.h; path = Models/ActorMovement.h; sourceTree = "<group>"; };
		6DACD54D1669AEAB00C06503 /* ActorMovement.m */ = {isa = PBXFileReference; fileEncoding = 4; lastKnownFileType = sourcecode.c.objc; name = ActorMovement.m; path = Models/ActorMovement.m; sourceTree = "<group>"; };
		6DACD54F166AF52500C06503 /* LivesView.h */ = {isa = PBXFileReference; fileEncoding = 4; lastKnownFileType = sourcecode.c.h; name = LivesView.h; path = Views/LivesView.h; sourceTree = "<group>"; };
		6DACD550166AF52500C06503 /* LivesView.m */ = {isa = PBXFileReference; fileEncoding = 4; lastKnownFileType = sourcecode.c.objc; name = LivesView.m; path = Views/LivesView.m; sourceTree = "<group>"; };
		6DACD556166B0C9100C06503 /* kit_from_firefox.png */ = {isa = PBXFileReference; lastKnownFileType = image.png; name = kit_from_firefox.png; path = Assets/kit_from_firefox.png; sourceTree = "<group>"; };
		6DACD558166B106000C06503 /* tux_from_linux.png */ = {isa = PBXFileReference; lastKnownFileType = image.png; name = tux_from_linux.png; path = Assets/tux_from_linux.png; sourceTree = "<group>"; };
		6DACD55A166B108200C06503 /* CharacterView.h */ = {isa = PBXFileReference; fileEncoding = 4; lastKnownFileType = sourcecode.c.h; name = CharacterView.h; path = Views/CharacterView.h; sourceTree = "<group>"; };
		6DACD55B166B108200C06503 /* CharacterView.m */ = {isa = PBXFileReference; fileEncoding = 4; lastKnownFileType = sourcecode.c.objc; name = CharacterView.m; path = Views/CharacterView.m; sourceTree = "<group>"; };
		6DACD55D1673F5D600C06503 /* Hero.h */ = {isa = PBXFileReference; fileEncoding = 4; lastKnownFileType = sourcecode.c.h; name = Hero.h; path = Models/Hero.h; sourceTree = "<group>"; };
		6DACD55E1673F5D700C06503 /* Hero.m */ = {isa = PBXFileReference; fileEncoding = 4; lastKnownFileType = sourcecode.c.objc; name = Hero.m; path = Models/Hero.m; sourceTree = "<group>"; };
		6DACD5601673F79A00C06503 /* HeroViewController.h */ = {isa = PBXFileReference; fileEncoding = 4; lastKnownFileType = sourcecode.c.h; name = HeroViewController.h; path = Controllers/HeroViewController.h; sourceTree = "<group>"; };
		6DACD5611673F79A00C06503 /* HeroViewController.m */ = {isa = PBXFileReference; fileEncoding = 4; lastKnownFileType = sourcecode.c.objc; name = HeroViewController.m; path = Controllers/HeroViewController.m; sourceTree = "<group>"; };
		6DACD563167444F800C06503 /* EnemyViewController.h */ = {isa = PBXFileReference; fileEncoding = 4; lastKnownFileType = sourcecode.c.h; name = EnemyViewController.h; path = Controllers/EnemyViewController.h; sourceTree = "<group>"; };
		6DACD564167444F800C06503 /* EnemyViewController.m */ = {isa = PBXFileReference; fileEncoding = 4; lastKnownFileType = sourcecode.c.objc; name = EnemyViewController.m; path = Controllers/EnemyViewController.m; sourceTree = "<group>"; };
		6DACD5661674504200C06503 /* UIImage+Sprite.h */ = {isa = PBXFileReference; fileEncoding = 4; lastKnownFileType = sourcecode.c.h; name = "UIImage+Sprite.h"; path = "Categories/UIImage+Sprite.h"; sourceTree = "<group>"; };
		6DACD5671674504200C06503 /* UIImage+Sprite.m */ = {isa = PBXFileReference; fileEncoding = 4; lastKnownFileType = sourcecode.c.objc; name = "UIImage+Sprite.m"; path = "Categories/UIImage+Sprite.m"; sourceTree = "<group>"; };
		6DE534F81676D0F8004F270E /* topics.txt */ = {isa = PBXFileReference; fileEncoding = 4; lastKnownFileType = text; name = topics.txt; path = Assets/topics.txt; sourceTree = "<group>"; };
		6DE534FB16781D4B004F270E /* Game.h */ = {isa = PBXFileReference; fileEncoding = 4; lastKnownFileType = sourcecode.c.h; name = Game.h; path = Models/Game.h; sourceTree = "<group>"; };
		6DE534FC16781D4B004F270E /* Game.m */ = {isa = PBXFileReference; fileEncoding = 4; lastKnownFileType = sourcecode.c.objc; name = Game.m; path = Models/Game.m; sourceTree = "<group>"; };
		6DE534FF16782D58004F270E /* en */ = {isa = PBXFileReference; lastKnownFileType = file.storyboard; name = en; path = en.lproj/MainStoryboard_iPhone.storyboard; sourceTree = "<group>"; };
/* End PBXFileReference section */

/* Begin PBXFrameworksBuildPhase section */
		6DACD4D4165E8D7700C06503 /* Frameworks */ = {
			isa = PBXFrameworksBuildPhase;
			buildActionMask = 2147483647;
			files = (
				6D941F81167C263900AC5BAC /* AVFoundation.framework in Frameworks */,
				6D941F80167C22C700AC5BAC /* AudioToolbox.framework in Frameworks */,
				6DACD53F1660283900C06503 /* QuartzCore.framework in Frameworks */,
				6DACD4DC165E8D7700C06503 /* UIKit.framework in Frameworks */,
				6DACD4DE165E8D7700C06503 /* Foundation.framework in Frameworks */,
				6DACD4E0165E8D7700C06503 /* CoreGraphics.framework in Frameworks */,
			);
			runOnlyForDeploymentPostprocessing = 0;
		};
		6DACD4F4165E8D7700C06503 /* Frameworks */ = {
			isa = PBXFrameworksBuildPhase;
			buildActionMask = 2147483647;
			files = (
				6DACD4FA165E8D7700C06503 /* SenTestingKit.framework in Frameworks */,
				6DACD4FB165E8D7700C06503 /* UIKit.framework in Frameworks */,
				6DACD4FC165E8D7700C06503 /* Foundation.framework in Frameworks */,
			);
			runOnlyForDeploymentPostprocessing = 0;
		};
/* End PBXFrameworksBuildPhase section */

/* Begin PBXGroup section */
		6DACD4CC165E8D7700C06503 = {
			isa = PBXGroup;
			children = (
				6DACD4E1165E8D7700C06503 /* BunnyMatcher */,
				6DACD4FF165E8D7700C06503 /* BunnyMatcherTests */,
				6DACD4DA165E8D7700C06503 /* Frameworks */,
				6DACD4D8165E8D7700C06503 /* Products */,
			);
			sourceTree = "<group>";
		};
		6DACD4D8165E8D7700C06503 /* Products */ = {
			isa = PBXGroup;
			children = (
				6DACD4D7165E8D7700C06503 /* BunnyMatcher.app */,
				6DACD4F8165E8D7700C06503 /* BunnyMatcherTests.octest */,
			);
			name = Products;
			sourceTree = "<group>";
		};
		6DACD4DA165E8D7700C06503 /* Frameworks */ = {
			isa = PBXGroup;
			children = (
				6D941F7F167C22C700AC5BAC /* AudioToolbox.framework */,
				6D941F7D167AD03A00AC5BAC /* AVFoundation.framework */,
				6DACD53E1660283900C06503 /* QuartzCore.framework */,
				6DACD4DB165E8D7700C06503 /* UIKit.framework */,
				6DACD4DD165E8D7700C06503 /* Foundation.framework */,
				6DACD4DF165E8D7700C06503 /* CoreGraphics.framework */,
				6DACD4F9165E8D7700C06503 /* SenTestingKit.framework */,
			);
			name = Frameworks;
			sourceTree = "<group>";
		};
		6DACD4E1165E8D7700C06503 /* BunnyMatcher */ = {
			isa = PBXGroup;
			children = (
				6DACD555166B0C8100C06503 /* Assets */,
				6DACD531165EA5D300C06503 /* Categories */,
				6DACD521165E99D300C06503 /* Models */,
				6DACD51D165E97C600C06503 /* Views */,
				6DACD519165E924400C06503 /* Controllers */,
				6DACD510165E8E4A00C06503 /* en.lproj */,
				6DACD4EA165E8D7700C06503 /* AppDelegate.h */,
				6DACD4EB165E8D7700C06503 /* AppDelegate.m */,
				6DACD4E2165E8D7700C06503 /* Supporting Files */,
			);
			path = BunnyMatcher;
			sourceTree = "<group>";
		};
		6DACD4E2165E8D7700C06503 /* Supporting Files */ = {
			isa = PBXGroup;
			children = (
				6DACD4E3165E8D7700C06503 /* BunnyMatcher-Info.plist */,
				6DACD4E4165E8D7700C06503 /* InfoPlist.strings */,
				6DACD4E7165E8D7700C06503 /* main.m */,
				6DACD4E9165E8D7700C06503 /* BunnyMatcher-Prefix.pch */,
				6DACD4ED165E8D7700C06503 /* Default.png */,
				6DACD4EF165E8D7700C06503 /* Default@2x.png */,
				6DACD4F1165E8D7700C06503 /* Default-568h@2x.png */,
			);
			name = "Supporting Files";
			sourceTree = "<group>";
		};
		6DACD4FF165E8D7700C06503 /* BunnyMatcherTests */ = {
			isa = PBXGroup;
			children = (
				6DACD505165E8D7800C06503 /* BunnyMatcherTests.h */,
				6DACD506165E8D7800C06503 /* BunnyMatcherTests.m */,
				6DACD500165E8D7800C06503 /* Supporting Files */,
				6DACD535165ED1EE00C06503 /* ScramblerTests.h */,
				6DACD536165ED1EE00C06503 /* ScramblerTests.m */,
			);
			path = BunnyMatcherTests;
			sourceTree = "<group>";
		};
		6DACD500165E8D7800C06503 /* Supporting Files */ = {
			isa = PBXGroup;
			children = (
				6DACD501165E8D7800C06503 /* BunnyMatcherTests-Info.plist */,
				6DACD502165E8D7800C06503 /* InfoPlist.strings */,
			);
			name = "Supporting Files";
			sourceTree = "<group>";
		};
		6DACD510165E8E4A00C06503 /* en.lproj */ = {
			isa = PBXGroup;
			children = (
				6DACD516165E8E8500C06503 /* MainStoryboard_iPad.storyboard */,
				6DE534FE16782D58004F270E /* MainStoryboard_iPhone.storyboard */,
			);
			name = en.lproj;
			sourceTree = "<group>";
		};
		6DACD519165E924400C06503 /* Controllers */ = {
			isa = PBXGroup;
			children = (
				6DACD51A165E92B500C06503 /* BoardViewController.h */,
				6DACD51B165E92B500C06503 /* BoardViewController.m */,
				6DACD54316603FCF00C06503 /* TitleViewController.h */,
				6DACD54416603FCF00C06503 /* TitleViewController.m */,
				6DACD5601673F79A00C06503 /* HeroViewController.h */,
				6DACD5611673F79A00C06503 /* HeroViewController.m */,
				6DACD563167444F800C06503 /* EnemyViewController.h */,
				6DACD564167444F800C06503 /* EnemyViewController.m */,
				6D941F7A167ACFFA00AC5BAC /* AudioController.h */,
				6D941F7B167ACFFA00AC5BAC /* AudioController.m */,
			);
			name = Controllers;
			sourceTree = "<group>";
		};
		6DACD51D165E97C600C06503 /* Views */ = {
			isa = PBXGroup;
			children = (
				6DACD51E165E97F300C06503 /* StandardCollectionCell.h */,
				6DACD51F165E97F300C06503 /* StandardCollectionCell.m */,
				6DACD53B165EF0A200C06503 /* HeroView.h */,
				6DACD53C165EF0A200C06503 /* HeroView.m */,
				6DACD54616604B6D00C06503 /* EnemyView.h */,
				6DACD54716604B6D00C06503 /* EnemyView.m */,
				6DACD54F166AF52500C06503 /* LivesView.h */,
				6DACD550166AF52500C06503 /* LivesView.m */,
				6DACD55A166B108200C06503 /* CharacterView.h */,
				6DACD55B166B108200C06503 /* CharacterView.m */,
			);
			name = Views;
			sourceTree = "<group>";
		};
		6DACD521165E99D300C06503 /* Models */ = {
			isa = PBXGroup;
			children = (
				6DACD522165E9A0700C06503 /* Topic.h */,
				6DACD523165E9A0700C06503 /* Topic.m */,
				6DACD525165E9A3F00C06503 /* TopicItem.h */,
				6DACD526165E9A3F00C06503 /* TopicItem.m */,
				6DACD528165E9A5800C06503 /* Library.h */,
				6DACD529165E9A5800C06503 /* Library.m */,
				6DACD52B165E9D1000C06503 /* Scrambler.h */,
				6DACD52C165E9D1000C06503 /* Scrambler.m */,
				6DACD52E165EA1CF00C06503 /* TopicCollection.h */,
				6DACD52F165EA1CF00C06503 /* TopicCollection.m */,
				6DACD538165EE91000C06503 /* Round.h */,
				6DACD539165EE91000C06503 /* Round.m */,
				6DACD54016602AE300C06503 /* BoardSpot.h */,
				6DACD54116602AE300C06503 /* BoardSpot.m */,
				6DACD54C1669AEAB00C06503 /* ActorMovement.h */,
				6DACD54D1669AEAB00C06503 /* ActorMovement.m */,
				6DACD55D1673F5D600C06503 /* Hero.h */,
				6DACD55E1673F5D700C06503 /* Hero.m */,
				6DE534FB16781D4B004F270E /* Game.h */,
				6DE534FC16781D4B004F270E /* Game.m */,
			);
			name = Models;
			sourceTree = "<group>";
		};
		6DACD531165EA5D300C06503 /* Categories */ = {
			isa = PBXGroup;
			children = (
				6DACD5661674504200C06503 /* UIImage+Sprite.h */,
				6DACD5671674504200C06503 /* UIImage+Sprite.m */,
				6DACD532165EA61B00C06503 /* NSMutableArray+Shuffling.h */,
				6DACD533165EA61B00C06503 /* NSMutableArray+Shuffling.m */,
			);
			name = Categories;
			sourceTree = "<group>";
		};
		6DACD555166B0C8100C06503 /* Assets */ = {
			isa = PBXGroup;
			children = (
				6D941F78167ACF9000AC5BAC /* Powerup.wav */,
				6D941F76167ACF7300AC5BAC /* Hit_Hurt10.wav */,
				6DACD558166B106000C06503 /* tux_from_linux.png */,
				6DACD556166B0C9100C06503 /* kit_from_firefox.png */,
				6DE534F81676D0F8004F270E /* topics.txt */,
			);
			name = Assets;
			sourceTree = "<group>";
		};
/* End PBXGroup section */

/* Begin PBXNativeTarget section */
		6DACD4D6165E8D7700C06503 /* BunnyMatcher */ = {
			isa = PBXNativeTarget;
			buildConfigurationList = 6DACD50A165E8D7800C06503 /* Build configuration list for PBXNativeTarget "BunnyMatcher" */;
			buildPhases = (
				6DACD4D3165E8D7700C06503 /* Sources */,
				6DACD4D4165E8D7700C06503 /* Frameworks */,
				6DACD4D5165E8D7700C06503 /* Resources */,
			);
			buildRules = (
			);
			dependencies = (
			);
			name = BunnyMatcher;
			productName = BunnyMatcher;
			productReference = 6DACD4D7165E8D7700C06503 /* BunnyMatcher.app */;
			productType = "com.apple.product-type.application";
		};
		6DACD4F7165E8D7700C06503 /* BunnyMatcherTests */ = {
			isa = PBXNativeTarget;
			buildConfigurationList = 6DACD50D165E8D7800C06503 /* Build configuration list for PBXNativeTarget "BunnyMatcherTests" */;
			buildPhases = (
				6DACD4F3165E8D7700C06503 /* Sources */,
				6DACD4F4165E8D7700C06503 /* Frameworks */,
				6DACD4F5165E8D7700C06503 /* Resources */,
				6DACD4F6165E8D7700C06503 /* ShellScript */,
			);
			buildRules = (
			);
			dependencies = (
				6DACD4FE165E8D7700C06503 /* PBXTargetDependency */,
			);
			name = BunnyMatcherTests;
			productName = BunnyMatcherTests;
			productReference = 6DACD4F8165E8D7700C06503 /* BunnyMatcherTests.octest */;
			productType = "com.apple.product-type.bundle";
		};
/* End PBXNativeTarget section */

/* Begin PBXProject section */
		6DACD4CE165E8D7700C06503 /* Project object */ = {
			isa = PBXProject;
			attributes = {
				LastUpgradeCheck = 0450;
				ORGANIZATIONNAME = "Jamie Ly";
			};
			buildConfigurationList = 6DACD4D1165E8D7700C06503 /* Build configuration list for PBXProject "BunnyMatcher" */;
			compatibilityVersion = "Xcode 3.2";
			developmentRegion = English;
			hasScannedForEncodings = 0;
			knownRegions = (
				en,
			);
			mainGroup = 6DACD4CC165E8D7700C06503;
			productRefGroup = 6DACD4D8165E8D7700C06503 /* Products */;
			projectDirPath = "";
			projectRoot = "";
			targets = (
				6DACD4D6165E8D7700C06503 /* BunnyMatcher */,
				6DACD4F7165E8D7700C06503 /* BunnyMatcherTests */,
			);
		};
/* End PBXProject section */

/* Begin PBXResourcesBuildPhase section */
		6DACD4D5165E8D7700C06503 /* Resources */ = {
			isa = PBXResourcesBuildPhase;
			buildActionMask = 2147483647;
			files = (
				6DACD4E6165E8D7700C06503 /* InfoPlist.strings in Resources */,
				6DACD4EE165E8D7700C06503 /* Default.png in Resources */,
				6DACD4F0165E8D7700C06503 /* Default@2x.png in Resources */,
				6DACD4F2165E8D7700C06503 /* Default-568h@2x.png in Resources */,
				6DACD518165E8E8500C06503 /* MainStoryboard_iPad.storyboard in Resources */,
				6DACD557166B0C9100C06503 /* kit_from_firefox.png in Resources */,
				6DACD559166B106000C06503 /* tux_from_linux.png in Resources */,
				6DE534F91676D0F8004F270E /* topics.txt in Resources */,
				6DE5350016782D58004F270E /* MainStoryboard_iPhone.storyboard in Resources */,
				6D941F77167ACF7300AC5BAC /* Hit_Hurt10.wav in Resources */,
				6D941F79167ACF9000AC5BAC /* Powerup.wav in Resources */,
			);
			runOnlyForDeploymentPostprocessing = 0;
		};
		6DACD4F5165E8D7700C06503 /* Resources */ = {
			isa = PBXResourcesBuildPhase;
			buildActionMask = 2147483647;
			files = (
				6DACD504165E8D7800C06503 /* InfoPlist.strings in Resources */,
			);
			runOnlyForDeploymentPostprocessing = 0;
		};
/* End PBXResourcesBuildPhase section */

/* Begin PBXShellScriptBuildPhase section */
		6DACD4F6165E8D7700C06503 /* ShellScript */ = {
			isa = PBXShellScriptBuildPhase;
			buildActionMask = 2147483647;
			files = (
			);
			inputPaths = (
			);
			outputPaths = (
			);
			runOnlyForDeploymentPostprocessing = 0;
			shellPath = /bin/sh;
			shellScript = "# Run the unit tests in this test bundle.\n\"${SYSTEM_DEVELOPER_DIR}/Tools/RunUnitTests\"\n";
		};
/* End PBXShellScriptBuildPhase section */

/* Begin PBXSourcesBuildPhase section */
		6DACD4D3165E8D7700C06503 /* Sources */ = {
			isa = PBXSourcesBuildPhase;
			buildActionMask = 2147483647;
			files = (
				6DACD4E8165E8D7700C06503 /* main.m in Sources */,
				6DACD4EC165E8D7700C06503 /* AppDelegate.m in Sources */,
				6DACD51C165E92B500C06503 /* BoardViewController.m in Sources */,
				6DACD520165E97F300C06503 /* StandardCollectionCell.m in Sources */,
				6DACD524165E9A0700C06503 /* Topic.m in Sources */,
				6DACD527165E9A3F00C06503 /* TopicItem.m in Sources */,
				6DACD52A165E9A5800C06503 /* Library.m in Sources */,
				6DACD52D165E9D1000C06503 /* Scrambler.m in Sources */,
				6DACD530165EA1CF00C06503 /* TopicCollection.m in Sources */,
				6DACD534165EA61B00C06503 /* NSMutableArray+Shuffling.m in Sources */,
				6DACD53A165EE91000C06503 /* Round.m in Sources */,
				6DACD53D165EF0A200C06503 /* HeroView.m in Sources */,
				6DACD54216602AE300C06503 /* BoardSpot.m in Sources */,
				6DACD54516603FCF00C06503 /* TitleViewController.m in Sources */,
				6DACD54816604B6D00C06503 /* EnemyView.m in Sources */,
				6DACD54E1669AEAB00C06503 /* ActorMovement.m in Sources */,
				6DACD551166AF52500C06503 /* LivesView.m in Sources */,
				6DACD55C166B108200C06503 /* CharacterView.m in Sources */,
				6DACD55F1673F5D700C06503 /* Hero.m in Sources */,
				6DACD5621673F79A00C06503 /* HeroViewController.m in Sources */,
				6DACD565167444F800C06503 /* EnemyViewController.m in Sources */,
				6DACD5681674504200C06503 /* UIImage+Sprite.m in Sources */,
				6DE534FD16781D4B004F270E /* Game.m in Sources */,
				6D941F7C167ACFFA00AC5BAC /* AudioController.m in Sources */,
			);
			runOnlyForDeploymentPostprocessing = 0;
		};
		6DACD4F3165E8D7700C06503 /* Sources */ = {
			isa = PBXSourcesBuildPhase;
			buildActionMask = 2147483647;
			files = (
				6DACD507165E8D7800C06503 /* BunnyMatcherTests.m in Sources */,
				6DACD537165ED1EE00C06503 /* ScramblerTests.m in Sources */,
			);
			runOnlyForDeploymentPostprocessing = 0;
		};
/* End PBXSourcesBuildPhase section */

/* Begin PBXTargetDependency section */
		6DACD4FE165E8D7700C06503 /* PBXTargetDependency */ = {
			isa = PBXTargetDependency;
			target = 6DACD4D6165E8D7700C06503 /* BunnyMatcher */;
			targetProxy = 6DACD4FD165E8D7700C06503 /* PBXContainerItemProxy */;
		};
/* End PBXTargetDependency section */

/* Begin PBXVariantGroup section */
		6DACD4E4165E8D7700C06503 /* InfoPlist.strings */ = {
			isa = PBXVariantGroup;
			children = (
				6DACD4E5165E8D7700C06503 /* en */,
			);
			name = InfoPlist.strings;
			sourceTree = "<group>";
		};
		6DACD502165E8D7800C06503 /* InfoPlist.strings */ = {
			isa = PBXVariantGroup;
			children = (
				6DACD503165E8D7800C06503 /* en */,
			);
			name = InfoPlist.strings;
			sourceTree = "<group>";
		};
		6DACD516165E8E8500C06503 /* MainStoryboard_iPad.storyboard */ = {
			isa = PBXVariantGroup;
			children = (
				6DACD517165E8E8500C06503 /* en */,
			);
			name = MainStoryboard_iPad.storyboard;
			sourceTree = "<group>";
		};
		6DE534FE16782D58004F270E /* MainStoryboard_iPhone.storyboard */ = {
			isa = PBXVariantGroup;
			children = (
				6DE534FF16782D58004F270E /* en */,
			);
			name = MainStoryboard_iPhone.storyboard;
			sourceTree = "<group>";
		};
/* End PBXVariantGroup section */

/* Begin XCBuildConfiguration section */
		6DACD508165E8D7800C06503 /* Debug */ = {
			isa = XCBuildConfiguration;
			buildSettings = {
				ALWAYS_SEARCH_USER_PATHS = NO;
				CLANG_CXX_LANGUAGE_STANDARD = "gnu++0x";
				CLANG_CXX_LIBRARY = "libc++";
				CLANG_ENABLE_OBJC_ARC = YES;
				CLANG_WARN_EMPTY_BODY = YES;
				CLANG_WARN__DUPLICATE_METHOD_MATCH = YES;
				"CODE_SIGN_IDENTITY[sdk=iphoneos*]" = "iPhone Developer";
				COPY_PHASE_STRIP = NO;
				GCC_C_LANGUAGE_STANDARD = gnu99;
				GCC_DYNAMIC_NO_PIC = NO;
				GCC_OPTIMIZATION_LEVEL = 0;
				GCC_PREPROCESSOR_DEFINITIONS = (
					"DEBUG=1",
					"$(inherited)",
				);
				GCC_SYMBOLS_PRIVATE_EXTERN = NO;
				GCC_WARN_ABOUT_RETURN_TYPE = YES;
				GCC_WARN_UNINITIALIZED_AUTOS = YES;
				GCC_WARN_UNUSED_VARIABLE = YES;
				IPHONEOS_DEPLOYMENT_TARGET = 6.0;
				ONLY_ACTIVE_ARCH = YES;
				SDKROOT = iphoneos;
				TARGETED_DEVICE_FAMILY = "1,2";
			};
			name = Debug;
		};
		6DACD509165E8D7800C06503 /* Release */ = {
			isa = XCBuildConfiguration;
			buildSettings = {
				ALWAYS_SEARCH_USER_PATHS = NO;
				CLANG_CXX_LANGUAGE_STANDARD = "gnu++0x";
				CLANG_CXX_LIBRARY = "libc++";
				CLANG_ENABLE_OBJC_ARC = YES;
				CLANG_WARN_EMPTY_BODY = YES;
				CLANG_WARN__DUPLICATE_METHOD_MATCH = YES;
				"CODE_SIGN_IDENTITY[sdk=iphoneos*]" = "iPhone Developer";
				COPY_PHASE_STRIP = YES;
				GCC_C_LANGUAGE_STANDARD = gnu99;
				GCC_WARN_ABOUT_RETURN_TYPE = YES;
				GCC_WARN_UNINITIALIZED_AUTOS = YES;
				GCC_WARN_UNUSED_VARIABLE = YES;
				IPHONEOS_DEPLOYMENT_TARGET = 6.0;
				OTHER_CFLAGS = "-DNS_BLOCK_ASSERTIONS=1";
				SDKROOT = iphoneos;
				TARGETED_DEVICE_FAMILY = "1,2";
				VALIDATE_PRODUCT = YES;
			};
			name = Release;
		};
		6DACD50B165E8D7800C06503 /* Debug */ = {
			isa = XCBuildConfiguration;
			buildSettings = {
				GCC_PRECOMPILE_PREFIX_HEADER = YES;
				GCC_PREFIX_HEADER = "BunnyMatcher/BunnyMatcher-Prefix.pch";
				INFOPLIST_FILE = "BunnyMatcher/BunnyMatcher-Info.plist";
				PRODUCT_NAME = "$(TARGET_NAME)";
				WRAPPER_EXTENSION = app;
			};
			name = Debug;
		};
		6DACD50C165E8D7800C06503 /* Release */ = {
			isa = XCBuildConfiguration;
			buildSettings = {
				GCC_PRECOMPILE_PREFIX_HEADER = YES;
				GCC_PREFIX_HEADER = "BunnyMatcher/BunnyMatcher-Prefix.pch";
				INFOPLIST_FILE = "BunnyMatcher/BunnyMatcher-Info.plist";
				PRODUCT_NAME = "$(TARGET_NAME)";
				WRAPPER_EXTENSION = app;
			};
			name = Release;
		};
		6DACD50E165E8D7800C06503 /* Debug */ = {
			isa = XCBuildConfiguration;
			buildSettings = {
				BUNDLE_LOADER = "$(BUILT_PRODUCTS_DIR)/BunnyMatcher.app/BunnyMatcher";
				FRAMEWORK_SEARCH_PATHS = (
					"\"$(SDKROOT)/Developer/Library/Frameworks\"",
					"\"$(DEVELOPER_LIBRARY_DIR)/Frameworks\"",
				);
				GCC_PRECOMPILE_PREFIX_HEADER = YES;
				GCC_PREFIX_HEADER = "BunnyMatcher/BunnyMatcher-Prefix.pch";
				INFOPLIST_FILE = "BunnyMatcherTests/BunnyMatcherTests-Info.plist";
				PRODUCT_NAME = "$(TARGET_NAME)";
				TEST_HOST = "$(BUNDLE_LOADER)";
				WRAPPER_EXTENSION = octest;
			};
			name = Debug;
		};
		6DACD50F165E8D7800C06503 /* Release */ = {
			isa = XCBuildConfiguration;
			buildSettings = {
				BUNDLE_LOADER = "$(BUILT_PRODUCTS_DIR)/BunnyMatcher.app/BunnyMatcher";
				FRAMEWORK_SEARCH_PATHS = (
					"\"$(SDKROOT)/Developer/Library/Frameworks\"",
					"\"$(DEVELOPER_LIBRARY_DIR)/Frameworks\"",
				);
				GCC_PRECOMPILE_PREFIX_HEADER = YES;
				GCC_PREFIX_HEADER = "BunnyMatcher/BunnyMatcher-Prefix.pch";
				INFOPLIST_FILE = "BunnyMatcherTests/BunnyMatcherTests-Info.plist";
				PRODUCT_NAME = "$(TARGET_NAME)";
				TEST_HOST = "$(BUNDLE_LOADER)";
				WRAPPER_EXTENSION = octest;
			};
			name = Release;
		};
/* End XCBuildConfiguration section */

/* Begin XCConfigurationList section */
		6DACD4D1165E8D7700C06503 /* Build configuration list for PBXProject "BunnyMatcher" */ = {
			isa = XCConfigurationList;
			buildConfigurations = (
				6DACD508165E8D7800C06503 /* Debug */,
				6DACD509165E8D7800C06503 /* Release */,
			);
			defaultConfigurationIsVisible = 0;
			defaultConfigurationName = Release;
		};
		6DACD50A165E8D7800C06503 /* Build configuration list for PBXNativeTarget "BunnyMatcher" */ = {
			isa = XCConfigurationList;
			buildConfigurations = (
				6DACD50B165E8D7800C06503 /* Debug */,
				6DACD50C165E8D7800C06503 /* Release */,
			);
			defaultConfigurationIsVisible = 0;
			defaultConfigurationName = Release;
		};
		6DACD50D165E8D7800C06503 /* Build configuration list for PBXNativeTarget "BunnyMatcherTests" */ = {
			isa = XCConfigurationList;
			buildConfigurations = (
				6DACD50E165E8D7800C06503 /* Debug */,
				6DACD50F165E8D7800C06503 /* Release */,
			);
			defaultConfigurationIsVisible = 0;
			defaultConfigurationName = Release;
		};
/* End XCConfigurationList section */
	};
	rootObject = 6DACD4CE165E8D7700C06503 /* Project object */;
}
